
Microsoft Visual Studio Solution File, Format Version 12.00
# Visual Studio 15
VisualStudioVersion = 15.0.26730.16
MinimumVisualStudioVersion = 10.0.40219.1
Project("{FAE04EC0-301F-11D3-BF4B-00C04F79EFBC}") = "HotelManagement.MVC.User", "HotelManagement\HotelManagement.MVC.User.csproj", "{1EA48C09-EE0E-40B3-A647-39F45733A433}"
	ProjectSection(ProjectDependencies) = postProject
		{41DDB0F7-B496-43B0-8AEF-DEA682FC4574} = {41DDB0F7-B496-43B0-8AEF-DEA682FC4574}
	EndProjectSection
EndProject
Project("{FAE04EC0-301F-11D3-BF4B-00C04F79EFBC}") = "HMS.Data", "HMS.Data\HMS.Data.csproj", "{8B38C374-DCC9-4D5F-8967-DF4D76F3CE92}"
EndProject
Project("{FAE04EC0-301F-11D3-BF4B-00C04F79EFBC}") = "HMS.Models", "HMS.Models\HMS.Models.csproj", "{199BD01E-CEF4-49C4-A40B-C2B93D7A3694}"
EndProject
Project("{FAE04EC0-301F-11D3-BF4B-00C04F79EFBC}") = "HotelManagementService", "HotelManagementService\HotelManagementService.csproj", "{41DDB0F7-B496-43B0-8AEF-DEA682FC4574}"
EndProject
Project("{FAE04EC0-301F-11D3-BF4B-00C04F79EFBC}") = "GUI.AdminApp", "GUI.AdminApp\GUI.AdminApp.csproj", "{BC35F0B4-3767-41C8-82B8-AFD2DB892648}"
EndProject
Global
	GlobalSection(SolutionConfigurationPlatforms) = preSolution
		Debug|Any CPU = Debug|Any CPU
		Debug|ARM = Debug|ARM
		Debug|x64 = Debug|x64
		Debug|x86 = Debug|x86
		Release|Any CPU = Release|Any CPU
		Release|ARM = Release|ARM
		Release|x64 = Release|x64
		Release|x86 = Release|x86
	EndGlobalSection
	GlobalSection(ProjectConfigurationPlatforms) = postSolution
		{1EA48C09-EE0E-40B3-A647-39F45733A433}.Debug|Any CPU.ActiveCfg = Debug|Any CPU
		{1EA48C09-EE0E-40B3-A647-39F45733A433}.Debug|Any CPU.Build.0 = Debug|Any CPU
		{1EA48C09-EE0E-40B3-A647-39F45733A433}.Debug|ARM.ActiveCfg = Debug|Any CPU
		{1EA48C09-EE0E-40B3-A647-39F45733A433}.Debug|ARM.Build.0 = Debug|Any CPU
		{1EA48C09-EE0E-40B3-A647-39F45733A433}.Debug|x64.ActiveCfg = Debug|Any CPU
		{1EA48C09-EE0E-40B3-A647-39F45733A433}.Debug|x64.Build.0 = Debug|Any CPU
		{1EA48C09-EE0E-40B3-A647-39F45733A433}.Debug|x86.ActiveCfg = Debug|Any CPU
		{1EA48C09-EE0E-40B3-A647-39F45733A433}.Debug|x86.Build.0 = Debug|Any CPU
		{1EA48C09-EE0E-40B3-A647-39F45733A433}.Release|Any CPU.ActiveCfg = Release|Any CPU
		{1EA48C09-EE0E-40B3-A647-39F45733A433}.Release|Any CPU.Build.0 = Release|Any CPU
		{1EA48C09-EE0E-40B3-A647-39F45733A433}.Release|ARM.ActiveCfg = Release|Any CPU
		{1EA48C09-EE0E-40B3-A647-39F45733A433}.Release|ARM.Build.0 = Release|Any CPU
		{1EA48C09-EE0E-40B3-A647-39F45733A433}.Release|x64.ActiveCfg = Release|Any CPU
		{1EA48C09-EE0E-40B3-A647-39F45733A433}.Release|x64.Build.0 = Release|Any CPU
		{1EA48C09-EE0E-40B3-A647-39F45733A433}.Release|x86.ActiveCfg = Release|Any CPU
		{1EA48C09-EE0E-40B3-A647-39F45733A433}.Release|x86.Build.0 = Release|Any CPU
		{8B38C374-DCC9-4D5F-8967-DF4D76F3CE92}.Debug|Any CPU.ActiveCfg = Debug|Any CPU
		{8B38C374-DCC9-4D5F-8967-DF4D76F3CE92}.Debug|Any CPU.Build.0 = Debug|Any CPU
		{8B38C374-DCC9-4D5F-8967-DF4D76F3CE92}.Debug|ARM.ActiveCfg = Debug|Any CPU
		{8B38C374-DCC9-4D5F-8967-DF4D76F3CE92}.Debug|ARM.Build.0 = Debug|Any CPU
		{8B38C374-DCC9-4D5F-8967-DF4D76F3CE92}.Debug|x64.ActiveCfg = Debug|Any CPU
		{8B38C374-DCC9-4D5F-8967-DF4D76F3CE92}.Debug|x64.Build.0 = Debug|Any CPU
		{8B38C374-DCC9-4D5F-8967-DF4D76F3CE92}.Debug|x86.ActiveCfg = Debug|Any CPU
		{8B38C374-DCC9-4D5F-8967-DF4D76F3CE92}.Debug|x86.Build.0 = Debug|Any CPU
		{8B38C374-DCC9-4D5F-8967-DF4D76F3CE92}.Release|Any CPU.ActiveCfg = Release|Any CPU
		{8B38C374-DCC9-4D5F-8967-DF4D76F3CE92}.Release|Any CPU.Build.0 = Release|Any CPU
		{8B38C374-DCC9-4D5F-8967-DF4D76F3CE92}.Release|ARM.ActiveCfg = Release|Any CPU
		{8B38C374-DCC9-4D5F-8967-DF4D76F3CE92}.Release|ARM.Build.0 = Release|Any CPU
		{8B38C374-DCC9-4D5F-8967-DF4D76F3CE92}.Release|x64.ActiveCfg = Release|Any CPU
		{8B38C374-DCC9-4D5F-8967-DF4D76F3CE92}.Release|x64.Build.0 = Release|Any CPU
		{8B38C374-DCC9-4D5F-8967-DF4D76F3CE92}.Release|x86.ActiveCfg = Release|Any CPU
		{8B38C374-DCC9-4D5F-8967-DF4D76F3CE92}.Release|x86.Build.0 = Release|Any CPU
		{199BD01E-CEF4-49C4-A40B-C2B93D7A3694}.Debug|Any CPU.ActiveCfg = Debug|Any CPU
		{199BD01E-CEF4-49C4-A40B-C2B93D7A3694}.Debug|Any CPU.Build.0 = Debug|Any CPU
		{199BD01E-CEF4-49C4-A40B-C2B93D7A3694}.Debug|ARM.ActiveCfg = Debug|Any CPU
		{199BD01E-CEF4-49C4-A40B-C2B93D7A3694}.Debug|ARM.Build.0 = Debug|Any CPU
		{199BD01E-CEF4-49C4-A40B-C2B93D7A3694}.Debug|x64.ActiveCfg = Debug|Any CPU
		{199BD01E-CEF4-49C4-A40B-C2B93D7A3694}.Debug|x64.Build.0 = Debug|Any CPU
		{199BD01E-CEF4-49C4-A40B-C2B93D7A3694}.Debug|x86.ActiveCfg = Debug|Any CPU
		{199BD01E-CEF4-49C4-A40B-C2B93D7A3694}.Debug|x86.Build.0 = Debug|Any CPU
		{199BD01E-CEF4-49C4-A40B-C2B93D7A3694}.Release|Any CPU.ActiveCfg = Release|Any CPU
		{199BD01E-CEF4-49C4-A40B-C2B93D7A3694}.Release|Any CPU.Build.0 = Release|Any CPU
		{199BD01E-CEF4-49C4-A40B-C2B93D7A3694}.Release|ARM.ActiveCfg = Release|Any CPU
		{199BD01E-CEF4-49C4-A40B-C2B93D7A3694}.Release|ARM.Build.0 = Release|Any CPU
		{199BD01E-CEF4-49C4-A40B-C2B93D7A3694}.Release|x64.ActiveCfg = Release|Any CPU
		{199BD01E-CEF4-49C4-A40B-C2B93D7A3694}.Release|x64.Build.0 = Release|Any CPU
		{199BD01E-CEF4-49C4-A40B-C2B93D7A3694}.Release|x86.ActiveCfg = Release|Any CPU
		{199BD01E-CEF4-49C4-A40B-C2B93D7A3694}.Release|x86.Build.0 = Release|Any CPU
		{41DDB0F7-B496-43B0-8AEF-DEA682FC4574}.Debug|Any CPU.ActiveCfg = Debug|Any CPU
		{41DDB0F7-B496-43B0-8AEF-DEA682FC4574}.Debug|Any CPU.Build.0 = Debug|Any CPU
		{41DDB0F7-B496-43B0-8AEF-DEA682FC4574}.Debug|ARM.ActiveCfg = Debug|Any CPU
		{41DDB0F7-B496-43B0-8AEF-DEA682FC4574}.Debug|ARM.Build.0 = Debug|Any CPU
		{41DDB0F7-B496-43B0-8AEF-DEA682FC4574}.Debug|x64.ActiveCfg = Debug|Any CPU
		{41DDB0F7-B496-43B0-8AEF-DEA682FC4574}.Debug|x64.Build.0 = Debug|Any CPU
		{41DDB0F7-B496-43B0-8AEF-DEA682FC4574}.Debug|x86.ActiveCfg = Debug|Any CPU
		{41DDB0F7-B496-43B0-8AEF-DEA682FC4574}.Debug|x86.Build.0 = Debug|Any CPU
		{41DDB0F7-B496-43B0-8AEF-DEA682FC4574}.Release|Any CPU.ActiveCfg = Release|Any CPU
		{41DDB0F7-B496-43B0-8AEF-DEA682FC4574}.Release|Any CPU.Build.0 = Release|Any CPU
		{41DDB0F7-B496-43B0-8AEF-DEA682FC4574}.Release|ARM.ActiveCfg = Release|Any CPU
		{41DDB0F7-B496-43B0-8AEF-DEA682FC4574}.Release|ARM.Build.0 = Release|Any CPU
		{41DDB0F7-B496-43B0-8AEF-DEA682FC4574}.Release|x64.ActiveCfg = Release|Any CPU
		{41DDB0F7-B496-43B0-8AEF-DEA682FC4574}.Release|x64.Build.0 = Release|Any CPU
		{41DDB0F7-B496-43B0-8AEF-DEA682FC4574}.Release|x86.ActiveCfg = Release|Any CPU
		{41DDB0F7-B496-43B0-8AEF-DEA682FC4574}.Release|x86.Build.0 = Release|Any CPU
		{BC35F0B4-3767-41C8-82B8-AFD2DB892648}.Debug|Any CPU.ActiveCfg = Debug|x86
		{BC35F0B4-3767-41C8-82B8-AFD2DB892648}.Debug|Any CPU.Build.0 = Debug|x86
		{BC35F0B4-3767-41C8-82B8-AFD2DB892648}.Debug|Any CPU.Deploy.0 = Debug|x86
		{BC35F0B4-3767-41C8-82B8-AFD2DB892648}.Debug|ARM.ActiveCfg = Debug|ARM
		{BC35F0B4-3767-41C8-82B8-AFD2DB892648}.Debug|ARM.Build.0 = Debug|ARM
		{BC35F0B4-3767-41C8-82B8-AFD2DB892648}.Debug|ARM.Deploy.0 = Debug|ARM
		{BC35F0B4-3767-41C8-82B8-AFD2DB892648}.Debug|x64.ActiveCfg = Debug|x64
		{BC35F0B4-3767-41C8-82B8-AFD2DB892648}.Debug|x64.Build.0 = Debug|x64
		{BC35F0B4-3767-41C8-82B8-AFD2DB892648}.Debug|x64.Deploy.0 = Debug|x64
		{BC35F0B4-3767-41C8-82B8-AFD2DB892648}.Debug|x86.ActiveCfg = Debug|x86
		{BC35F0B4-3767-41C8-82B8-AFD2DB892648}.Debug|x86.Build.0 = Debug|x86
		{BC35F0B4-3767-41C8-82B8-AFD2DB892648}.Debug|x86.Deploy.0 = Debug|x86
		{BC35F0B4-3767-41C8-82B8-AFD2DB892648}.Release|Any CPU.ActiveCfg = Release|x86
		{BC35F0B4-3767-41C8-82B8-AFD2DB892648}.Release|ARM.ActiveCfg = Release|ARM
		{BC35F0B4-3767-41C8-82B8-AFD2DB892648}.Release|ARM.Build.0 = Release|ARM
		{BC35F0B4-3767-41C8-82B8-AFD2DB892648}.Release|ARM.Deploy.0 = Release|ARM
		{BC35F0B4-3767-41C8-82B8-AFD2DB892648}.Release|x64.ActiveCfg = Release|x64
		{BC35F0B4-3767-41C8-82B8-AFD2DB892648}.Release|x64.Build.0 = Release|x64
		{BC35F0B4-3767-41C8-82B8-AFD2DB892648}.Release|x64.Deploy.0 = Release|x64
		{BC35F0B4-3767-41C8-82B8-AFD2DB892648}.Release|x86.ActiveCfg = Release|x86
		{BC35F0B4-3767-41C8-82B8-AFD2DB892648}.Release|x86.Build.0 = Release|x86
		{BC35F0B4-3767-41C8-82B8-AFD2DB892648}.Release|x86.Deploy.0 = Release|x86
	EndGlobalSection
	GlobalSection(SolutionProperties) = preSolution
		HideSolutionNode = FALSE
	EndGlobalSection
	GlobalSection(ExtensibilityGlobals) = postSolution
		SolutionGuid = {0F4C2553-FBC0-4939-9BAD-1D6BEF6CFA5B}
	EndGlobalSection
EndGlobal
